
Microsoft Visual Studio Solution File, Format Version 12.00
# Visual Studio 15
VisualStudioVersion = 15.0.28307.438
MinimumVisualStudioVersion = 10.0.40219.1
Project("{9A19103F-16F7-4668-BE54-9A1E7A4F7556}") = "Quiz-Master", "Quiz-Master\Quiz-Master.csproj", "{9240918B-9A6E-488A-9EC3-808E980D95B0}"
EndProject
Global
	GlobalSection(SolutionConfigurationPlatforms) = preSolution
		Debug|Any CPU = Debug|Any CPU
		Release|Any CPU = Release|Any CPU
	EndGlobalSection
	GlobalSection(ProjectConfigurationPlatforms) = postSolution
		{9240918B-9A6E-488A-9EC3-808E980D95B0}.Debug|Any CPU.ActiveCfg = Debug|Any CPU
		{9240918B-9A6E-488A-9EC3-808E980D95B0}.Debug|Any CPU.Build.0 = Debug|Any CPU
		{9240918B-9A6E-488A-9EC3-808E980D95B0}.Release|Any CPU.ActiveCfg = Release|Any CPU
		{9240918B-9A6E-488A-9EC3-808E980D95B0}.Release|Any CPU.Build.0 = Release|Any CPU
	EndGlobalSection
	GlobalSection(SolutionProperties) = preSolution
		HideSolutionNode = FALSE
	EndGlobalSection
	GlobalSection(ExtensibilityGlobals) = postSolution
		SolutionGuid = {E685B89B-A7AA-44F4-B07D-B8DBEC8B4559}
	EndGlobalSection
EndGlobal
